{
  "name": "owc-vanilla",
  "version": "1.0.0",
  "lockfileVersion": 1,
  "requires": true,
  "dependencies": {
    "owc-custom-button": {
      "version": "1.0.0",
      "resolved": "https://registry.npmjs.org/owc-custom-button/-/owc-custom-button-1.0.0.tgz",
      "integrity": "sha512-N632Aoy/qmrsvnkvQhozH7fWfMY0W+TIEKIjHXYV86h5u1lXZ2/aOvPjOlc/bMHsRA9lX3Sm25S24teN/4CXsw=="
    }
  }
}
